PODS:
  - Alamofire (3.4.1)
  - AlamofireObjectMapper (3.0.0):
    - Alamofire (~> 3.2)
    - ObjectMapper (~> 1.0)
  - ALCameraViewController (1.2.1)
  - Chirp (1.1.1)
  - CryptoSwift (0.4.1)
  - Eureka (1.7.0)
  - HanekeSwift (0.10.1)
  - IBAnimatable (2.4)
  - ImagePickerSheetController (0.9.1)
  - Instructions (0.4.2)
  - JSONWebToken (1.5.0):
    - CryptoSwift (~> 0.4.0)
  - MOBFoundation_IDFA (2.0.4)
  - ObjectMapper (1.3.0)
  - RongCloudIMKit (2.5.0)
  - RxAlamofire (2.5):
    - RxAlamofire/Core (= 2.5)
  - RxAlamofire/Core (2.5):
    - Alamofire (~> 3.4)
    - RxSwift (~> 2.5)
  - RxBlocking (2.6.0):
    - RxSwift (~> 2.5)
  - RxCocoa (2.6.0):
    - RxSwift (~> 2.5)
  - RxSwift (2.6.0)
  - SMSSDK (2.0.5)
  - sqlite3 (3.13.0):
    - sqlite3/common (= 3.13.0)
  - sqlite3/common (3.13.0)
  - SwiftyDB (1.1.3):
    - TinySQLite (~> 0.3.0)
  - SwiftyJSON (2.3.2)
  - TinySQLite (0.3.1):
    - sqlite3
  - VideoSplashKit (1.1.0)
  - XLPagerTabStrip (5.0.0)

DEPENDENCIES:
  - Alamofire
  - AlamofireObjectMapper
  - ALCameraViewController
  - Chirp
  - Eureka
  - HanekeSwift
  - IBAnimatable
  - ImagePickerSheetController
  - Instructions
  - JSONWebToken
  - MOBFoundation_IDFA
  - ObjectMapper
  - RongCloudIMKit (= 2.5.0)
  - RxAlamofire
  - RxBlocking
  - RxCocoa
  - RxSwift
  - SMSSDK
  - SwiftyDB
  - SwiftyJSON
  - VideoSplashKit
  - XLPagerTabStrip

SPEC CHECKSUMS:
  Alamofire: 01a82e2f6c0f860ade35534c8dd88be61bdef40c
  AlamofireObjectMapper: 2d16585d06177be0116d76de73497e77437798af
  ALCameraViewController: 51c3617ad4f955106e4bf3a34578433cfff1ec99
  Chirp: e06920df90dd33b3e74c988c58f621a8a1e41e7d
  CryptoSwift: 25b5aff3f260967391f8fff2e9abe4254d2c6fd5
  Eureka: 2020d9faeef7b7e9adeb9e3d8af779e5931c1897
  HanekeSwift: 08e47d3d0f2899ec58e5d257beba0de619aca9e8
  IBAnimatable: f5dcd428e0fc41d11d3ed657c925393dd7bbaa0a
  ImagePickerSheetController: 3c58c9fee6dcf36485222358a021f6b734f997ba
  Instructions: acb639e81dbbab70c92d35bc08f4f831fec84e0c
  JSONWebToken: 6c8968ace6b60b2e6156a7bbe5019fd9b5ff9b5a
  MOBFoundation_IDFA: cb3efe578b5cc8ff0313a37b959d98fb3eb1b7d3
  ObjectMapper: 4eb08a726e9791a93b2632049951b56a7c17e471
  RongCloudIMKit: 3d8473f022c7588db80ef81caf0208e5c2fa4789
  RxAlamofire: b4572a077b6b2410c8732a27266299df4c00736e
  RxBlocking: f2e0a7e74d5e9d3029d2b1118e2af01f583fbdd8
  RxCocoa: 89ab00d5753502520227940e3a0e0a0413683c6b
  RxSwift: 77f3a0b15324baa7a1c9bfa9f199648a82424e26
  SMSSDK: 85375419fc969dc9398ce9922c5165c1e14ebe23
  sqlite3: c8b1b937fe823ab46411e471cdc1aa92d1b106ce
  SwiftyDB: b4a52b0a0ce8008aaba02290ae1d15c7f9be2d8a
  SwiftyJSON: 04ccea08915aa0109039157c7974cf0298da292a
  TinySQLite: b27a26c4676a41f045f56e0d94ccc4bce9a1a87f
  VideoSplashKit: 0aa63d0bb37c5bd357de3e6a2a13dea5acad4d66
  XLPagerTabStrip: 87b8b705f9a7178e76a063ffaa2d70045944a965

COCOAPODS: 0.39.0
