// !$*UTF8*$!
{
	archiveVersion = 1;
	classes = {
	};
	objectVersion = 47;
	objects = {

/* Begin PBXBuildFile section */
		43AECBC75386581642FD9250 /* Pods.framework in Frameworks */ = {isa = PBXBuildFile; fileRef = F2F433E2F3517659A39AEF6A /* Pods.framework */; };
		BF15FB721CFB30F800FD7A15 /* MessageInfoViewGetController.swift in Sources */ = {isa = PBXBuildFile; fileRef = BF15FB711CFB30F800FD7A15 /* MessageInfoViewGetController.swift */; };
		BF2EFBD51CD6D89F0089EFCC /* MessagesCenterViewController.swift in Sources */ = {isa = PBXBuildFile; fileRef = BF2EFBD41CD6D89F0089EFCC /* MessagesCenterViewController.swift */; };
		BF2EFBD81CD6DDFF0089EFCC /* MessagesSendTableTableViewController.swift in Sources */ = {isa = PBXBuildFile; fileRef = BF2EFBD61CD6DDFF0089EFCC /* MessagesSendTableTableViewController.swift */; };
		BF2EFBDC1CD6E3A00089EFCC /* MessagesGetTableViewController.swift in Sources */ = {isa = PBXBuildFile; fileRef = BF2EFBDA1CD6E3A00089EFCC /* MessagesGetTableViewController.swift */; };
		BF2EFBDF1CD6E6C70089EFCC /* CAPSPageMenu.swift in Sources */ = {isa = PBXBuildFile; fileRef = BF2EFBDE1CD6E6C70089EFCC /* CAPSPageMenu.swift */; };
		BF2EFBE21CD705BD0089EFCC /* MessageRecived.xib in Resources */ = {isa = PBXBuildFile; fileRef = BF2EFBE11CD705BD0089EFCC /* MessageRecived.xib */; };
		BF2EFBE41CD706180089EFCC /* MessageRecivedViewCell.swift in Sources */ = {isa = PBXBuildFile; fileRef = BF2EFBE31CD706180089EFCC /* MessageRecivedViewCell.swift */; };
		BF2EFBE71CD708750089EFCC /* MessageSendViewCell.swift in Sources */ = {isa = PBXBuildFile; fileRef = BF2EFBE51CD708750089EFCC /* MessageSendViewCell.swift */; };
		BF2EFBE81CD708750089EFCC /* MessageSendViewCell.xib in Resources */ = {isa = PBXBuildFile; fileRef = BF2EFBE61CD708750089EFCC /* MessageSendViewCell.xib */; };
		BF45B6711C6C38760027F63D /* AppDelegate.swift in Sources */ = {isa = PBXBuildFile; fileRef = BF45B6701C6C38760027F63D /* AppDelegate.swift */; };
		BF45B6791C6C38760027F63D /* FeelingClient.xcdatamodeld in Sources */ = {isa = PBXBuildFile; fileRef = BF45B6771C6C38760027F63D /* FeelingClient.xcdatamodeld */; };
		BF45B67B1C6C38760027F63D /* Assets.xcassets in Resources */ = {isa = PBXBuildFile; fileRef = BF45B67A1C6C38760027F63D /* Assets.xcassets */; };
		BF45B67E1C6C38760027F63D /* LaunchScreen.storyboard in Resources */ = {isa = PBXBuildFile; fileRef = BF45B67C1C6C38760027F63D /* LaunchScreen.storyboard */; };
		BF50C43E1CF18F3F00B70E09 /* AudioPlayer.swift in Sources */ = {isa = PBXBuildFile; fileRef = BF50C43A1CF18F3F00B70E09 /* AudioPlayer.swift */; };
		BF50C43F1CF18F3F00B70E09 /* AudioRecorderBean.swift in Sources */ = {isa = PBXBuildFile; fileRef = BF50C43B1CF18F3F00B70E09 /* AudioRecorderBean.swift */; };
		BF50C4401CF18F3F00B70E09 /* ExString.swift in Sources */ = {isa = PBXBuildFile; fileRef = BF50C43C1CF18F3F00B70E09 /* ExString.swift */; };
		BF50C4411CF18F3F00B70E09 /* RecordIndicatorView.swift in Sources */ = {isa = PBXBuildFile; fileRef = BF50C43D1CF18F3F00B70E09 /* RecordIndicatorView.swift */; };
		BF5D8B401C705916002964D8 /* FeelingClientTests.swift in Sources */ = {isa = PBXBuildFile; fileRef = BF5D8B3F1C705916002964D8 /* FeelingClientTests.swift */; };
		BF8116DF1CE7122800212982 /* Localizable.strings in Resources */ = {isa = PBXBuildFile; fileRef = BF8116E11CE7122800212982 /* Localizable.strings */; };
		BF8116E81CE7136A00212982 /* center.storyboard in Resources */ = {isa = PBXBuildFile; fileRef = BF8116EA1CE7136A00212982 /* center.storyboard */; };
		BF8B5F261CDEC1B200A76470 /* CustomNotificationHandler.swift in Sources */ = {isa = PBXBuildFile; fileRef = BF8B5F251CDEC1B200A76470 /* CustomNotificationHandler.swift */; };
		BF9D93DF1CD4ADF500BDC20D /* messages.storyboard in Resources */ = {isa = PBXBuildFile; fileRef = BF9D93DE1CD4ADF500BDC20D /* messages.storyboard */; };
		BF9F9AC31CC47D7B00795464 /* Bool.swift in Sources */ = {isa = PBXBuildFile; fileRef = BF9F9AB61CC47D7B00795464 /* Bool.swift */; };
		BF9F9AC41CC47D7B00795464 /* Character.swift in Sources */ = {isa = PBXBuildFile; fileRef = BF9F9AB71CC47D7B00795464 /* Character.swift */; };
		BF9F9AC51CC47D7B00795464 /* Dictionary.swift in Sources */ = {isa = PBXBuildFile; fileRef = BF9F9AB81CC47D7B00795464 /* Dictionary.swift */; };
		BF9F9AC61CC47D7B00795464 /* Double.swift in Sources */ = {isa = PBXBuildFile; fileRef = BF9F9AB91CC47D7B00795464 /* Double.swift */; };
		BF9F9AC71CC47D7B00795464 /* ExSwift.swift in Sources */ = {isa = PBXBuildFile; fileRef = BF9F9ABB1CC47D7B00795464 /* ExSwift.swift */; };
		BF9F9AC81CC47D7B00795464 /* Float.swift in Sources */ = {isa = PBXBuildFile; fileRef = BF9F9ABC1CC47D7B00795464 /* Float.swift */; };
		BF9F9AC91CC47D7B00795464 /* Int.swift in Sources */ = {isa = PBXBuildFile; fileRef = BF9F9ABD1CC47D7B00795464 /* Int.swift */; };
		BF9F9ACB1CC47D7B00795464 /* NSArray.swift in Sources */ = {isa = PBXBuildFile; fileRef = BF9F9ABF1CC47D7B00795464 /* NSArray.swift */; };
		BF9F9ACC1CC47D7B00795464 /* Range.swift in Sources */ = {isa = PBXBuildFile; fileRef = BF9F9AC01CC47D7B00795464 /* Range.swift */; };
		BF9F9ACD1CC47D7B00795464 /* Sequence.swift in Sources */ = {isa = PBXBuildFile; fileRef = BF9F9AC11CC47D7B00795464 /* Sequence.swift */; };
		BF9F9ACE1CC47D7B00795464 /* String.swift in Sources */ = {isa = PBXBuildFile; fileRef = BF9F9AC21CC47D7B00795464 /* String.swift */; };
		BF9F9AD01CC47D9300795464 /* NetApiAlamofire.swift in Sources */ = {isa = PBXBuildFile; fileRef = BF9F9ACF1CC47D9300795464 /* NetApiAlamofire.swift */; };
		BF9F9AD61CC47DDA00795464 /* BindingExtensions.swift in Sources */ = {isa = PBXBuildFile; fileRef = BF9F9AD11CC47DDA00795464 /* BindingExtensions.swift */; };
		BF9F9AD71CC47DDA00795464 /* CollectionViewCell.swift in Sources */ = {isa = PBXBuildFile; fileRef = BF9F9AD21CC47DDA00795464 /* CollectionViewCell.swift */; };
		BF9F9AD81CC47DDA00795464 /* ImageUtils.swift in Sources */ = {isa = PBXBuildFile; fileRef = BF9F9AD31CC47DDA00795464 /* ImageUtils.swift */; };
		BF9F9AD91CC47DDA00795464 /* JWTTools.swift in Sources */ = {isa = PBXBuildFile; fileRef = BF9F9AD41CC47DDA00795464 /* JWTTools.swift */; };
		BF9F9ADA1CC47DDA00795464 /* MapHelper.swift in Sources */ = {isa = PBXBuildFile; fileRef = BF9F9AD51CC47DDA00795464 /* MapHelper.swift */; };
		BF9F9ADC1CC47E2500795464 /* PhotoUpLoader.swift in Sources */ = {isa = PBXBuildFile; fileRef = BF9F9ADB1CC47E2500795464 /* PhotoUpLoader.swift */; };
		BF9F9AE71CC47E9B00795464 /* Accelerate-GaussianBlur.swift in Sources */ = {isa = PBXBuildFile; fileRef = BF9F9ADD1CC47E9B00795464 /* Accelerate-GaussianBlur.swift */; };
		BF9F9AE81CC47E9B00795464 /* ActionButton.swift in Sources */ = {isa = PBXBuildFile; fileRef = BF9F9ADE1CC47E9B00795464 /* ActionButton.swift */; };
		BF9F9AE91CC47E9B00795464 /* ActionButtonItem.swift in Sources */ = {isa = PBXBuildFile; fileRef = BF9F9ADF1CC47E9B00795464 /* ActionButtonItem.swift */; };
		BF9F9AEA1CC47E9B00795464 /* DatePickerDialog.swift in Sources */ = {isa = PBXBuildFile; fileRef = BF9F9AE01CC47E9B00795464 /* DatePickerDialog.swift */; };
		BF9F9AEB1CC47E9B00795464 /* Image-GaussianBlur.swift in Sources */ = {isa = PBXBuildFile; fileRef = BF9F9AE11CC47E9B00795464 /* Image-GaussianBlur.swift */; };
		BF9F9AEC1CC47E9B00795464 /* Toast.swift in Sources */ = {isa = PBXBuildFile; fileRef = BF9F9AE21CC47E9B00795464 /* Toast.swift */; };
		BF9F9AED1CC47E9B00795464 /* Toucan.swift in Sources */ = {isa = PBXBuildFile; fileRef = BF9F9AE31CC47E9B00795464 /* Toucan.swift */; };
		BF9F9AEE1CC47E9B00795464 /* UIButtonType.swift in Sources */ = {isa = PBXBuildFile; fileRef = BF9F9AE41CC47E9B00795464 /* UIButtonType.swift */; };
		BF9F9AEF1CC47E9B00795464 /* UICircleImageView.swift in Sources */ = {isa = PBXBuildFile; fileRef = BF9F9AE51CC47E9B00795464 /* UICircleImageView.swift */; };
		BF9F9AF01CC47E9B00795464 /* UIImageColors.swift in Sources */ = {isa = PBXBuildFile; fileRef = BF9F9AE61CC47E9B00795464 /* UIImageColors.swift */; };
		BF9F9AF21CC47EB500795464 /* KMPlaceholderTextView.swift in Sources */ = {isa = PBXBuildFile; fileRef = BF9F9AF11CC47EB500795464 /* KMPlaceholderTextView.swift */; };
		BF9F9AF61CC47EF900795464 /* AccountModel.swift in Sources */ = {isa = PBXBuildFile; fileRef = BF9F9AF31CC47EF900795464 /* AccountModel.swift */; };
		BF9F9AF71CC47EF900795464 /* Friend.swift in Sources */ = {isa = PBXBuildFile; fileRef = BF9F9AF41CC47EF900795464 /* Friend.swift */; };
		BF9F9AF81CC47EF900795464 /* Message.swift in Sources */ = {isa = PBXBuildFile; fileRef = BF9F9AF51CC47EF900795464 /* Message.swift */; };
		BF9F9AFA1CC47F2900795464 /* CustomAnnotation.swift in Sources */ = {isa = PBXBuildFile; fileRef = BF9F9AF91CC47F2900795464 /* CustomAnnotation.swift */; };
		BF9F9B011CC47F5400795464 /* CenterMessageModel.swift in Sources */ = {isa = PBXBuildFile; fileRef = BF9F9AFB1CC47F5400795464 /* CenterMessageModel.swift */; };
		BF9F9B021CC47F5400795464 /* FriendViewModel.swift in Sources */ = {isa = PBXBuildFile; fileRef = BF9F9AFC1CC47F5400795464 /* FriendViewModel.swift */; };
		BF9F9B031CC47F5400795464 /* LoginUserInfoViewModel.swift in Sources */ = {isa = PBXBuildFile; fileRef = BF9F9AFD1CC47F5400795464 /* LoginUserInfoViewModel.swift */; };
		BF9F9B041CC47F5400795464 /* MessageViewModel.swift in Sources */ = {isa = PBXBuildFile; fileRef = BF9F9AFE1CC47F5400795464 /* MessageViewModel.swift */; };
		BF9F9B051CC47F5400795464 /* OpenMessageModel.swift in Sources */ = {isa = PBXBuildFile; fileRef = BF9F9AFF1CC47F5400795464 /* OpenMessageModel.swift */; };
		BF9F9B061CC47F5400795464 /* UserInfoViewModel.swift in Sources */ = {isa = PBXBuildFile; fileRef = BF9F9B001CC47F5400795464 /* UserInfoViewModel.swift */; };
		BF9F9B0A1CC47F8300795464 /* BaseModel.swift in Sources */ = {isa = PBXBuildFile; fileRef = BF9F9B091CC47F8300795464 /* BaseModel.swift */; };
		BF9F9B141CC47FB300795464 /* chat.storyboard in Resources */ = {isa = PBXBuildFile; fileRef = BF9F9B0C1CC47FB300795464 /* chat.storyboard */; };
		BF9F9B151CC47FB300795464 /* friends.storyboard in Resources */ = {isa = PBXBuildFile; fileRef = BF9F9B0D1CC47FB300795464 /* friends.storyboard */; };
		BF9F9B161CC47FB300795464 /* login.storyboard in Resources */ = {isa = PBXBuildFile; fileRef = BF9F9B0E1CC47FB300795464 /* login.storyboard */; };
		BF9F9B171CC47FB300795464 /* main.storyboard in Resources */ = {isa = PBXBuildFile; fileRef = BF9F9B0F1CC47FB300795464 /* main.storyboard */; };
		BF9F9B181CC47FB300795464 /* register.storyboard in Resources */ = {isa = PBXBuildFile; fileRef = BF9F9B101CC47FB300795464 /* register.storyboard */; };
		BF9F9B191CC47FB300795464 /* self.storyboard in Resources */ = {isa = PBXBuildFile; fileRef = BF9F9B111CC47FB300795464 /* self.storyboard */; };
		BF9F9B1A1CC47FB300795464 /* point.xib in Resources */ = {isa = PBXBuildFile; fileRef = BF9F9B121CC47FB300795464 /* point.xib */; };
		BF9F9B271CC4804D00795464 /* CenterMain.swift in Sources */ = {isa = PBXBuildFile; fileRef = BF9F9B1B1CC4804D00795464 /* CenterMain.swift */; };
		BF9F9B281CC4804D00795464 /* CenterViewController.swift in Sources */ = {isa = PBXBuildFile; fileRef = BF9F9B1C1CC4804D00795464 /* CenterViewController.swift */; };
		BF9F9B291CC4804D00795464 /* ChatViewController.swift in Sources */ = {isa = PBXBuildFile; fileRef = BF9F9B1D1CC4804D00795464 /* ChatViewController.swift */; };
		BF9F9B2A1CC4804D00795464 /* FriendsViewController.swift in Sources */ = {isa = PBXBuildFile; fileRef = BF9F9B1E1CC4804D00795464 /* FriendsViewController.swift */; };
		BF9F9B2B1CC4804D00795464 /* FriendTabelViewCell.swift in Sources */ = {isa = PBXBuildFile; fileRef = BF9F9B1F1CC4804D00795464 /* FriendTabelViewCell.swift */; };
		BF9F9B2C1CC4804D00795464 /* LoginViewController.swift in Sources */ = {isa = PBXBuildFile; fileRef = BF9F9B201CC4804D00795464 /* LoginViewController.swift */; };
		BF9F9B2D1CC4804D00795464 /* OpenMapViewController.swift in Sources */ = {isa = PBXBuildFile; fileRef = BF9F9B211CC4804D00795464 /* OpenMapViewController.swift */; };
		BF9F9B2E1CC4804D00795464 /* PointUIView.swift in Sources */ = {isa = PBXBuildFile; fileRef = BF9F9B221CC4804D00795464 /* PointUIView.swift */; };
		BF9F9B2F1CC4804D00795464 /* RegisterViewController.swift in Sources */ = {isa = PBXBuildFile; fileRef = BF9F9B231CC4804D00795464 /* RegisterViewController.swift */; };
		BF9F9B301CC4804D00795464 /* SelfViewController.swift in Sources */ = {isa = PBXBuildFile; fileRef = BF9F9B241CC4804D00795464 /* SelfViewController.swift */; };
		BF9F9B311CC4804D00795464 /* UserInfoViewController.swift in Sources */ = {isa = PBXBuildFile; fileRef = BF9F9B251CC4804D00795464 /* UserInfoViewController.swift */; };
		BF9F9B321CC4804D00795464 /* ViewImageViewController.swift in Sources */ = {isa = PBXBuildFile; fileRef = BF9F9B261CC4804D00795464 /* ViewImageViewController.swift */; };
		BF9F9B351CC4808400795464 /* Localizable.stringsdict in Resources */ = {isa = PBXBuildFile; fileRef = BF9F9B331CC4808400795464 /* Localizable.stringsdict */; };
		BFA96C5C1CDF1E15005C3BEA /* MainViewController.swift in Sources */ = {isa = PBXBuildFile; fileRef = BFA96C5B1CDF1E15005C3BEA /* MainViewController.swift */; };
		BFCCF8E61CF5EC0B004491B9 /* MessageInfoViewController.swift in Sources */ = {isa = PBXBuildFile; fileRef = BFCCF8E51CF5EC0B004491B9 /* MessageInfoViewController.swift */; };
		BFE8904B1C782B6B00429E9E /* SystemConfiguration.framework in Frameworks */ = {isa = PBXBuildFile; fileRef = BFE8904A1C782B6B00429E9E /* SystemConfiguration.framework */; };
		BFE8904D1C782B7300429E9E /* CoreTelephony.framework in Frameworks */ = {isa = PBXBuildFile; fileRef = BFE8904C1C782B7300429E9E /* CoreTelephony.framework */; };
		BFE890551C782BAC00429E9E /* libstdc++.6.0.9.tbd in Frameworks */ = {isa = PBXBuildFile; fileRef = BFE890541C782BAC00429E9E /* libstdc++.6.0.9.tbd */; };
		BFF89E0D1C78A67D00A38D16 /* libTXYUploader.a in Frameworks */ = {isa = PBXBuildFile; fileRef = BFF89E0A1C78A67D00A38D16 /* libTXYUploader.a */; };
		BFFB0A641CCDB0880059E997 /* 0900.mp4 in Resources */ = {isa = PBXBuildFile; fileRef = BFFB0A631CCDB0880059E997 /* 0900.mp4 */; };
/* End PBXBuildFile section */

/* Begin PBXContainerItemProxy section */
		BF5D8B421C705916002964D8 /* PBXContainerItemProxy */ = {
			isa = PBXContainerItemProxy;
			containerPortal = BF45B6651C6C38760027F63D /* Project object */;
			proxyType = 1;
			remoteGlobalIDString = BF45B66C1C6C38760027F63D;
			remoteInfo = FeelingClient;
		};
/* End PBXContainerItemProxy section */

/* Begin PBXFileReference section */
		37513FA2EAA0D2E1F66CA656 /* Pods.debug.xcconfig */ = {isa = PBXFileReference; includeInIndex = 1; lastKnownFileType = text.xcconfig; name = Pods.debug.xcconfig; path = "Pods/Target Support Files/Pods/Pods.debug.xcconfig"; sourceTree = "<group>"; };
		BF15FB711CFB30F800FD7A15 /* MessageInfoViewGetController.swift */ = {isa = PBXFileReference; fileEncoding = 4; lastKnownFileType = sourcecode.swift; name = MessageInfoViewGetController.swift; path = MVC/C/MessageInfoViewGetController.swift; sourceTree = "<group>"; };
		BF2EFBD41CD6D89F0089EFCC /* MessagesCenterViewController.swift */ = {isa = PBXFileReference; fileEncoding = 4; lastKnownFileType = sourcecode.swift; name = MessagesCenterViewController.swift; path = MVC/C/MessagesCenterViewController.swift; sourceTree = "<group>"; };
		BF2EFBD61CD6DDFF0089EFCC /* MessagesSendTableTableViewController.swift */ = {isa = PBXFileReference; fileEncoding = 4; lastKnownFileType = sourcecode.swift; name = MessagesSendTableTableViewController.swift; path = MVC/C/MessagesSendTableTableViewController.swift; sourceTree = "<group>"; };
		BF2EFBDA1CD6E3A00089EFCC /* MessagesGetTableViewController.swift */ = {isa = PBXFileReference; fileEncoding = 4; lastKnownFileType = sourcecode.swift; name = MessagesGetTableViewController.swift; path = MVC/C/MessagesGetTableViewController.swift; sourceTree = "<group>"; };
		BF2EFBDE1CD6E6C70089EFCC /* CAPSPageMenu.swift */ = {isa = PBXFileReference; fileEncoding = 4; lastKnownFileType = sourcecode.swift; path = CAPSPageMenu.swift; sourceTree = "<group>"; };
		BF2EFBE11CD705BD0089EFCC /* MessageRecived.xib */ = {isa = PBXFileReference; fileEncoding = 4; lastKnownFileType = file.xib; name = MessageRecived.xib; path = MVC/Cells/MessageRecived.xib; sourceTree = "<group>"; };
		BF2EFBE31CD706180089EFCC /* MessageRecivedViewCell.swift */ = {isa = PBXFileReference; fileEncoding = 4; lastKnownFileType = sourcecode.swift; name = MessageRecivedViewCell.swift; path = MVC/Cells/MessageRecivedViewCell.swift; sourceTree = "<group>"; };
		BF2EFBE51CD708750089EFCC /* MessageSendViewCell.swift */ = {isa = PBXFileReference; fileEncoding = 4; lastKnownFileType = sourcecode.swift; name = MessageSendViewCell.swift; path = MVC/Cells/MessageSendViewCell.swift; sourceTree = "<group>"; };
		BF2EFBE61CD708750089EFCC /* MessageSendViewCell.xib */ = {isa = PBXFileReference; fileEncoding = 4; lastKnownFileType = file.xib; name = MessageSendViewCell.xib; path = MVC/Cells/MessageSendViewCell.xib; sourceTree = "<group>"; };
		BF45B66D1C6C38760027F63D /* FeelingClient.app */ = {isa = PBXFileReference; explicitFileType = wrapper.application; includeInIndex = 0; path = FeelingClient.app; sourceTree = BUILT_PRODUCTS_DIR; };
		BF45B6701C6C38760027F63D /* AppDelegate.swift */ = {isa = PBXFileReference; lastKnownFileType = sourcecode.swift; path = AppDelegate.swift; sourceTree = "<group>"; };
		BF45B6781C6C38760027F63D /* FeelingClient.xcdatamodel */ = {isa = PBXFileReference; lastKnownFileType = wrapper.xcdatamodel; path = FeelingClient.xcdatamodel; sourceTree = "<group>"; };
		BF45B67A1C6C38760027F63D /* Assets.xcassets */ = {isa = PBXFileReference; lastKnownFileType = folder.assetcatalog; path = Assets.xcassets; sourceTree = "<group>"; };
		BF45B67D1C6C38760027F63D /* Base */ = {isa = PBXFileReference; lastKnownFileType = file.storyboard; name = Base; path = Base.lproj/LaunchScreen.storyboard; sourceTree = "<group>"; };
		BF45B67F1C6C38760027F63D /* Info.plist */ = {isa = PBXFileReference; lastKnownFileType = text.plist.xml; path = Info.plist; sourceTree = "<group>"; };
		BF50C43A1CF18F3F00B70E09 /* AudioPlayer.swift */ = {isa = PBXFileReference; fileEncoding = 4; lastKnownFileType = sourcecode.swift; name = AudioPlayer.swift; path = common/utils/AudioPlayer.swift; sourceTree = "<group>"; };
		BF50C43B1CF18F3F00B70E09 /* AudioRecorderBean.swift */ = {isa = PBXFileReference; fileEncoding = 4; lastKnownFileType = sourcecode.swift; name = AudioRecorderBean.swift; path = common/utils/AudioRecorderBean.swift; sourceTree = "<group>"; };
		BF50C43C1CF18F3F00B70E09 /* ExString.swift */ = {isa = PBXFileReference; fileEncoding = 4; lastKnownFileType = sourcecode.swift; name = ExString.swift; path = common/utils/ExString.swift; sourceTree = "<group>"; };
		BF50C43D1CF18F3F00B70E09 /* RecordIndicatorView.swift */ = {isa = PBXFileReference; fileEncoding = 4; lastKnownFileType = sourcecode.swift; name = RecordIndicatorView.swift; path = common/utils/RecordIndicatorView.swift; sourceTree = "<group>"; };
		BF5D8B3D1C705916002964D8 /* FeelingClientTests.xctest */ = {isa = PBXFileReference; explicitFileType = wrapper.cfbundle; includeInIndex = 0; path = FeelingClientTests.xctest; sourceTree = BUILT_PRODUCTS_DIR; };
		BF5D8B3F1C705916002964D8 /* FeelingClientTests.swift */ = {isa = PBXFileReference; lastKnownFileType = sourcecode.swift; path = FeelingClientTests.swift; sourceTree = "<group>"; };
		BF5D8B411C705916002964D8 /* Info.plist */ = {isa = PBXFileReference; lastKnownFileType = text.plist.xml; path = Info.plist; sourceTree = "<group>"; };
		BF8116E01CE7122800212982 /* Base */ = {isa = PBXFileReference; lastKnownFileType = text.plist.strings; name = Base; path = Base.lproj/Localizable.strings; sourceTree = "<group>"; };
		BF8116E91CE7136A00212982 /* Base */ = {isa = PBXFileReference; lastKnownFileType = file.storyboard; name = Base; path = Base.lproj/center.storyboard; sourceTree = "<group>"; };
		BF8B5F251CDEC1B200A76470 /* CustomNotificationHandler.swift */ = {isa = PBXFileReference; fileEncoding = 4; lastKnownFileType = sourcecode.swift; name = CustomNotificationHandler.swift; path = common/utils/CustomNotificationHandler.swift; sourceTree = "<group>"; };
		BF9D93DE1CD4ADF500BDC20D /* messages.storyboard */ = {isa = PBXFileReference; fileEncoding = 4; lastKnownFileType = file.storyboard; name = messages.storyboard; path = MVC/V/messages.storyboard; sourceTree = "<group>"; };
		BF9F9AB61CC47D7B00795464 /* Bool.swift */ = {isa = PBXFileReference; fileEncoding = 4; lastKnownFileType = sourcecode.swift; name = Bool.swift; path = common/extension/Bool.swift; sourceTree = "<group>"; };
		BF9F9AB71CC47D7B00795464 /* Character.swift */ = {isa = PBXFileReference; fileEncoding = 4; lastKnownFileType = sourcecode.swift; name = Character.swift; path = common/extension/Character.swift; sourceTree = "<group>"; };
		BF9F9AB81CC47D7B00795464 /* Dictionary.swift */ = {isa = PBXFileReference; fileEncoding = 4; lastKnownFileType = sourcecode.swift; name = Dictionary.swift; path = common/extension/Dictionary.swift; sourceTree = "<group>"; };
		BF9F9AB91CC47D7B00795464 /* Double.swift */ = {isa = PBXFileReference; fileEncoding = 4; lastKnownFileType = sourcecode.swift; name = Double.swift; path = common/extension/Double.swift; sourceTree = "<group>"; };
		BF9F9ABA1CC47D7B00795464 /* ExSwift.h */ = {isa = PBXFileReference; fileEncoding = 4; lastKnownFileType = sourcecode.c.h; name = ExSwift.h; path = common/extension/ExSwift.h; sourceTree = "<group>"; };
		BF9F9ABB1CC47D7B00795464 /* ExSwift.swift */ = {isa = PBXFileReference; fileEncoding = 4; lastKnownFileType = sourcecode.swift; name = ExSwift.swift; path = common/extension/ExSwift.swift; sourceTree = "<group>"; };
		BF9F9ABC1CC47D7B00795464 /* Float.swift */ = {isa = PBXFileReference; fileEncoding = 4; lastKnownFileType = sourcecode.swift; name = Float.swift; path = common/extension/Float.swift; sourceTree = "<group>"; };
		BF9F9ABD1CC47D7B00795464 /* Int.swift */ = {isa = PBXFileReference; fileEncoding = 4; lastKnownFileType = sourcecode.swift; name = Int.swift; path = common/extension/Int.swift; sourceTree = "<group>"; };
		BF9F9ABF1CC47D7B00795464 /* NSArray.swift */ = {isa = PBXFileReference; fileEncoding = 4; lastKnownFileType = sourcecode.swift; name = NSArray.swift; path = common/extension/NSArray.swift; sourceTree = "<group>"; };
		BF9F9AC01CC47D7B00795464 /* Range.swift */ = {isa = PBXFileReference; fileEncoding = 4; lastKnownFileType = sourcecode.swift; name = Range.swift; path = common/extension/Range.swift; sourceTree = "<group>"; };
		BF9F9AC11CC47D7B00795464 /* Sequence.swift */ = {isa = PBXFileReference; fileEncoding = 4; lastKnownFileType = sourcecode.swift; name = Sequence.swift; path = common/extension/Sequence.swift; sourceTree = "<group>"; };
		BF9F9AC21CC47D7B00795464 /* String.swift */ = {isa = PBXFileReference; fileEncoding = 4; lastKnownFileType = sourcecode.swift; name = String.swift; path = common/extension/String.swift; sourceTree = "<group>"; };
		BF9F9ACF1CC47D9300795464 /* NetApiAlamofire.swift */ = {isa = PBXFileReference; fileEncoding = 4; lastKnownFileType = sourcecode.swift; name = NetApiAlamofire.swift; path = common/net/NetApiAlamofire.swift; sourceTree = "<group>"; };
		BF9F9AD11CC47DDA00795464 /* BindingExtensions.swift */ = {isa = PBXFileReference; fileEncoding = 4; lastKnownFileType = sourcecode.swift; name = BindingExtensions.swift; path = common/utils/BindingExtensions.swift; sourceTree = "<group>"; };
		BF9F9AD21CC47DDA00795464 /* CollectionViewCell.swift */ = {isa = PBXFileReference; fileEncoding = 4; lastKnownFileType = sourcecode.swift; name = CollectionViewCell.swift; path = common/utils/CollectionViewCell.swift; sourceTree = "<group>"; };
		BF9F9AD31CC47DDA00795464 /* ImageUtils.swift */ = {isa = PBXFileReference; fileEncoding = 4; lastKnownFileType = sourcecode.swift; name = ImageUtils.swift; path = common/utils/ImageUtils.swift; sourceTree = "<group>"; };
		BF9F9AD41CC47DDA00795464 /* JWTTools.swift */ = {isa = PBXFileReference; fileEncoding = 4; lastKnownFileType = sourcecode.swift; name = JWTTools.swift; path = common/utils/JWTTools.swift; sourceTree = "<group>"; };
		BF9F9AD51CC47DDA00795464 /* MapHelper.swift */ = {isa = PBXFileReference; fileEncoding = 4; lastKnownFileType = sourcecode.swift; name = MapHelper.swift; path = common/utils/MapHelper.swift; sourceTree = "<group>"; };
		BF9F9ADB1CC47E2500795464 /* PhotoUpLoader.swift */ = {isa = PBXFileReference; fileEncoding = 4; lastKnownFileType = sourcecode.swift; name = PhotoUpLoader.swift; path = common/utils/PhotoUpLoader.swift; sourceTree = "<group>"; };
		BF9F9ADD1CC47E9B00795464 /* Accelerate-GaussianBlur.swift */ = {isa = PBXFileReference; fileEncoding = 4; lastKnownFileType = sourcecode.swift; name = "Accelerate-GaussianBlur.swift"; path = "ThirdParty/updateSelf/Accelerate-GaussianBlur.swift"; sourceTree = "<group>"; };
		BF9F9ADE1CC47E9B00795464 /* ActionButton.swift */ = {isa = PBXFileReference; fileEncoding = 4; lastKnownFileType = sourcecode.swift; name = ActionButton.swift; path = ThirdParty/updateSelf/ActionButton.swift; sourceTree = "<group>"; };
		BF9F9ADF1CC47E9B00795464 /* ActionButtonItem.swift */ = {isa = PBXFileReference; fileEncoding = 4; lastKnownFileType = sourcecode.swift; name = ActionButtonItem.swift; path = ThirdParty/updateSelf/ActionButtonItem.swift; sourceTree = "<group>"; };
		BF9F9AE01CC47E9B00795464 /* DatePickerDialog.swift */ = {isa = PBXFileReference; fileEncoding = 4; lastKnownFileType = sourcecode.swift; name = DatePickerDialog.swift; path = ThirdParty/updateSelf/DatePickerDialog.swift; sourceTree = "<group>"; };
		BF9F9AE11CC47E9B00795464 /* Image-GaussianBlur.swift */ = {isa = PBXFileReference; fileEncoding = 4; lastKnownFileType = sourcecode.swift; name = "Image-GaussianBlur.swift"; path = "ThirdParty/updateSelf/Image-GaussianBlur.swift"; sourceTree = "<group>"; };
		BF9F9AE21CC47E9B00795464 /* Toast.swift */ = {isa = PBXFileReference; fileEncoding = 4; lastKnownFileType = sourcecode.swift; name = Toast.swift; path = ThirdParty/updateSelf/Toast.swift; sourceTree = "<group>"; };
		BF9F9AE31CC47E9B00795464 /* Toucan.swift */ = {isa = PBXFileReference; fileEncoding = 4; lastKnownFileType = sourcecode.swift; name = Toucan.swift; path = ThirdParty/updateSelf/Toucan.swift; sourceTree = "<group>"; };
		BF9F9AE41CC47E9B00795464 /* UIButtonType.swift */ = {isa = PBXFileReference; fileEncoding = 4; lastKnownFileType = sourcecode.swift; name = UIButtonType.swift; path = ThirdParty/updateSelf/UIButtonType.swift; sourceTree = "<group>"; };
		BF9F9AE51CC47E9B00795464 /* UICircleImageView.swift */ = {isa = PBXFileReference; fileEncoding = 4; lastKnownFileType = sourcecode.swift; name = UICircleImageView.swift; path = ThirdParty/updateSelf/UICircleImageView.swift; sourceTree = "<group>"; };
		BF9F9AE61CC47E9B00795464 /* UIImageColors.swift */ = {isa = PBXFileReference; fileEncoding = 4; lastKnownFileType = sourcecode.swift; name = UIImageColors.swift; path = ThirdParty/updateSelf/UIImageColors.swift; sourceTree = "<group>"; };
		BF9F9AF11CC47EB500795464 /* KMPlaceholderTextView.swift */ = {isa = PBXFileReference; fileEncoding = 4; lastKnownFileType = sourcecode.swift; name = KMPlaceholderTextView.swift; path = ThirdParty/updateSelf/KMPlaceholderTextView.swift; sourceTree = "<group>"; };
		BF9F9AF31CC47EF900795464 /* AccountModel.swift */ = {isa = PBXFileReference; fileEncoding = 4; lastKnownFileType = sourcecode.swift; name = AccountModel.swift; path = MVC/M/AccountModel.swift; sourceTree = "<group>"; };
		BF9F9AF41CC47EF900795464 /* Friend.swift */ = {isa = PBXFileReference; fileEncoding = 4; lastKnownFileType = sourcecode.swift; name = Friend.swift; path = MVC/M/Friend.swift; sourceTree = "<group>"; };
		BF9F9AF51CC47EF900795464 /* Message.swift */ = {isa = PBXFileReference; fileEncoding = 4; lastKnownFileType = sourcecode.swift; name = Message.swift; path = MVC/M/Message.swift; sourceTree = "<group>"; };
		BF9F9AF91CC47F2900795464 /* CustomAnnotation.swift */ = {isa = PBXFileReference; fileEncoding = 4; lastKnownFileType = sourcecode.swift; name = CustomAnnotation.swift; path = MVC/M/CustomAnnotation.swift; sourceTree = "<group>"; };
		BF9F9AFB1CC47F5400795464 /* CenterMessageModel.swift */ = {isa = PBXFileReference; fileEncoding = 4; lastKnownFileType = sourcecode.swift; name = CenterMessageModel.swift; path = MVC/VM/CenterMessageModel.swift; sourceTree = "<group>"; };
		BF9F9AFC1CC47F5400795464 /* FriendViewModel.swift */ = {isa = PBXFileReference; fileEncoding = 4; lastKnownFileType = sourcecode.swift; name = FriendViewModel.swift; path = MVC/VM/FriendViewModel.swift; sourceTree = "<group>"; };
		BF9F9AFD1CC47F5400795464 /* LoginUserInfoViewModel.swift */ = {isa = PBXFileReference; fileEncoding = 4; lastKnownFileType = sourcecode.swift; name = LoginUserInfoViewModel.swift; path = MVC/VM/LoginUserInfoViewModel.swift; sourceTree = "<group>"; };
		BF9F9AFE1CC47F5400795464 /* MessageViewModel.swift */ = {isa = PBXFileReference; fileEncoding = 4; lastKnownFileType = sourcecode.swift; name = MessageViewModel.swift; path = MVC/VM/MessageViewModel.swift; sourceTree = "<group>"; };
		BF9F9AFF1CC47F5400795464 /* OpenMessageModel.swift */ = {isa = PBXFileReference; fileEncoding = 4; lastKnownFileType = sourcecode.swift; name = OpenMessageModel.swift; path = MVC/VM/OpenMessageModel.swift; sourceTree = "<group>"; };
		BF9F9B001CC47F5400795464 /* UserInfoViewModel.swift */ = {isa = PBXFileReference; fileEncoding = 4; lastKnownFileType = sourcecode.swift; name = UserInfoViewModel.swift; path = MVC/VM/UserInfoViewModel.swift; sourceTree = "<group>"; };
		BF9F9B091CC47F8300795464 /* BaseModel.swift */ = {isa = PBXFileReference; fileEncoding = 4; lastKnownFileType = sourcecode.swift; name = BaseModel.swift; path = MVC/M/BaseModel.swift; sourceTree = "<group>"; };
		BF9F9B0C1CC47FB300795464 /* chat.storyboard */ = {isa = PBXFileReference; fileEncoding = 4; lastKnownFileType = file.storyboard; name = chat.storyboard; path = MVC/V/chat.storyboard; sourceTree = "<group>"; };
		BF9F9B0D1CC47FB300795464 /* friends.storyboard */ = {isa = PBXFileReference; fileEncoding = 4; lastKnownFileType = file.storyboard; name = friends.storyboard; path = MVC/V/friends.storyboard; sourceTree = "<group>"; };
		BF9F9B0E1CC47FB300795464 /* login.storyboard */ = {isa = PBXFileReference; fileEncoding = 4; lastKnownFileType = file.storyboard; name = login.storyboard; path = MVC/V/login.storyboard; sourceTree = "<group>"; };
		BF9F9B0F1CC47FB300795464 /* main.storyboard */ = {isa = PBXFileReference; fileEncoding = 4; lastKnownFileType = file.storyboard; name = main.storyboard; path = MVC/V/main.storyboard; sourceTree = "<group>"; };
		BF9F9B101CC47FB300795464 /* register.storyboard */ = {isa = PBXFileReference; fileEncoding = 4; lastKnownFileType = file.storyboard; name = register.storyboard; path = MVC/V/register.storyboard; sourceTree = "<group>"; };
		BF9F9B111CC47FB300795464 /* self.storyboard */ = {isa = PBXFileReference; fileEncoding = 4; lastKnownFileType = file.storyboard; name = self.storyboard; path = MVC/V/self.storyboard; sourceTree = "<group>"; };
		BF9F9B121CC47FB300795464 /* point.xib */ = {isa = PBXFileReference; fileEncoding = 4; lastKnownFileType = file.xib; name = point.xib; path = MVC/V/point.xib; sourceTree = "<group>"; };
		BF9F9B1B1CC4804D00795464 /* CenterMain.swift */ = {isa = PBXFileReference; fileEncoding = 4; lastKnownFileType = sourcecode.swift; name = CenterMain.swift; path = MVC/C/CenterMain.swift; sourceTree = "<group>"; };
		BF9F9B1C1CC4804D00795464 /* CenterViewController.swift */ = {isa = PBXFileReference; fileEncoding = 4; lastKnownFileType = sourcecode.swift; name = CenterViewController.swift; path = MVC/C/CenterViewController.swift; sourceTree = "<group>"; };
		BF9F9B1D1CC4804D00795464 /* ChatViewController.swift */ = {isa = PBXFileReference; fileEncoding = 4; lastKnownFileType = sourcecode.swift; name = ChatViewController.swift; path = MVC/C/ChatViewController.swift; sourceTree = "<group>"; };
		BF9F9B1E1CC4804D00795464 /* FriendsViewController.swift */ = {isa = PBXFileReference; fileEncoding = 4; lastKnownFileType = sourcecode.swift; name = FriendsViewController.swift; path = MVC/C/FriendsViewController.swift; sourceTree = "<group>"; };
		BF9F9B1F1CC4804D00795464 /* FriendTabelViewCell.swift */ = {isa = PBXFileReference; fileEncoding = 4; lastKnownFileType = sourcecode.swift; name = FriendTabelViewCell.swift; path = MVC/C/FriendTabelViewCell.swift; sourceTree = "<group>"; };
		BF9F9B201CC4804D00795464 /* LoginViewController.swift */ = {isa = PBXFileReference; fileEncoding = 4; lastKnownFileType = sourcecode.swift; name = LoginViewController.swift; path = MVC/C/LoginViewController.swift; sourceTree = "<group>"; };
		BF9F9B211CC4804D00795464 /* OpenMapViewController.swift */ = {isa = PBXFileReference; fileEncoding = 4; lastKnownFileType = sourcecode.swift; name = OpenMapViewController.swift; path = MVC/C/OpenMapViewController.swift; sourceTree = "<group>"; };
		BF9F9B221CC4804D00795464 /* PointUIView.swift */ = {isa = PBXFileReference; fileEncoding = 4; lastKnownFileType = sourcecode.swift; name = PointUIView.swift; path = MVC/C/PointUIView.swift; sourceTree = "<group>"; };
		BF9F9B231CC4804D00795464 /* RegisterViewController.swift */ = {isa = PBXFileReference; fileEncoding = 4; lastKnownFileType = sourcecode.swift; name = RegisterViewController.swift; path = MVC/C/RegisterViewController.swift; sourceTree = "<group>"; };
		BF9F9B241CC4804D00795464 /* SelfViewController.swift */ = {isa = PBXFileReference; fileEncoding = 4; lastKnownFileType = sourcecode.swift; name = SelfViewController.swift; path = MVC/C/SelfViewController.swift; sourceTree = "<group>"; };
		BF9F9B251CC4804D00795464 /* UserInfoViewController.swift */ = {isa = PBXFileReference; fileEncoding = 4; lastKnownFileType = sourcecode.swift; name = UserInfoViewController.swift; path = MVC/C/UserInfoViewController.swift; sourceTree = "<group>"; };
		BF9F9B261CC4804D00795464 /* ViewImageViewController.swift */ = {isa = PBXFileReference; fileEncoding = 4; lastKnownFileType = sourcecode.swift; name = ViewImageViewController.swift; path = MVC/C/ViewImageViewController.swift; sourceTree = "<group>"; };
		BF9F9B331CC4808400795464 /* Localizable.stringsdict */ = {isa = PBXFileReference; fileEncoding = 4; lastKnownFileType = text.plist.stringsdict; name = Localizable.stringsdict; path = recource/Localizable.stringsdict; sourceTree = "<group>"; };
		BFA96C5B1CDF1E15005C3BEA /* MainViewController.swift */ = {isa = PBXFileReference; fileEncoding = 4; lastKnownFileType = sourcecode.swift; name = MainViewController.swift; path = MVC/C/MainViewController.swift; sourceTree = "<group>"; };
		BFB0C2661C746B0700A7BD67 /* SMSSDK-Bridging-Header.h */ = {isa = PBXFileReference; lastKnownFileType = sourcecode.c.h; path = "SMSSDK-Bridging-Header.h"; sourceTree = "<group>"; };
		BFCCF8E51CF5EC0B004491B9 /* MessageInfoViewController.swift */ = {isa = PBXFileReference; fileEncoding = 4; lastKnownFileType = sourcecode.swift; name = MessageInfoViewController.swift; path = MVC/C/MessageInfoViewController.swift; sourceTree = "<group>"; };
		BFE8904A1C782B6B00429E9E /* SystemConfiguration.framework */ = {isa = PBXFileReference; lastKnownFileType = wrapper.framework; name = SystemConfiguration.framework; path = System/Library/Frameworks/SystemConfiguration.framework; sourceTree = SDKROOT; };
		BFE8904C1C782B7300429E9E /* CoreTelephony.framework */ = {isa = PBXFileReference; lastKnownFileType = wrapper.framework; name = CoreTelephony.framework; path = System/Library/Frameworks/CoreTelephony.framework; sourceTree = SDKROOT; };
		BFE8904E1C782B7D00429E9E /* MobileCoreServices.framework */ = {isa = PBXFileReference; lastKnownFileType = wrapper.framework; name = MobileCoreServices.framework; path = System/Library/Frameworks/MobileCoreServices.framework; sourceTree = SDKROOT; };
		BFE890501C782B9000429E9E /* libxml2.2.tbd */ = {isa = PBXFileReference; lastKnownFileType = "sourcecode.text-based-dylib-definition"; name = libxml2.2.tbd; path = usr/lib/libxml2.2.tbd; sourceTree = SDKROOT; };
		BFE890521C782BA000429E9E /* libz.1.2.5.tbd */ = {isa = PBXFileReference; lastKnownFileType = "sourcecode.text-based-dylib-definition"; name = libz.1.2.5.tbd; path = usr/lib/libz.1.2.5.tbd; sourceTree = SDKROOT; };
		BFE890541C782BAC00429E9E /* libstdc++.6.0.9.tbd */ = {isa = PBXFileReference; lastKnownFileType = "sourcecode.text-based-dylib-definition"; name = "libstdc++.6.0.9.tbd"; path = "usr/lib/libstdc++.6.0.9.tbd"; sourceTree = SDKROOT; };
		BFF89E0A1C78A67D00A38D16 /* libTXYUploader.a */ = {isa = PBXFileReference; lastKnownFileType = archive.ar; path = libTXYUploader.a; sourceTree = "<group>"; };
		BFF89E0B1C78A67D00A38D16 /* TXYBase.h */ = {isa = PBXFileReference; fileEncoding = 4; lastKnownFileType = sourcecode.c.h; path = TXYBase.h; sourceTree = "<group>"; };
		BFF89E0C1C78A67D00A38D16 /* TXYUploadManager.h */ = {isa = PBXFileReference; fileEncoding = 4; lastKnownFileType = sourcecode.c.h; path = TXYUploadManager.h; sourceTree = "<group>"; };
		BFFB0A631CCDB0880059E997 /* 0900.mp4 */ = {isa = PBXFileReference; lastKnownFileType = file; path = 0900.mp4; sourceTree = "<group>"; };
		DBD5A369E29F0C790C5487E6 /* Pods.release.xcconfig */ = {isa = PBXFileReference; includeInIndex = 1; lastKnownFileType = text.xcconfig; name = Pods.release.xcconfig; path = "Pods/Target Support Files/Pods/Pods.release.xcconfig"; sourceTree = "<group>"; };
		F2F433E2F3517659A39AEF6A /* Pods.framework */ = {isa = PBXFileReference; explicitFileType = wrapper.framework; includeInIndex = 0; path = Pods.framework; sourceTree = BUILT_PRODUCTS_DIR; };
/* End PBXFileReference section */

/* Begin PBXFrameworksBuildPhase section */
		BF45B66A1C6C38760027F63D /* Frameworks */ = {
			isa = PBXFrameworksBuildPhase;
			buildActionMask = 2147483647;
			files = (
				BFE890551C782BAC00429E9E /* libstdc++.6.0.9.tbd in Frameworks */,
				BFE8904D1C782B7300429E9E /* CoreTelephony.framework in Frameworks */,
				BFF89E0D1C78A67D00A38D16 /* libTXYUploader.a in Frameworks */,
				BFE8904B1C782B6B00429E9E /* SystemConfiguration.framework in Frameworks */,
				43AECBC75386581642FD9250 /* Pods.framework in Frameworks */,
			);
			runOnlyForDeploymentPostprocessing = 0;
		};
		BF5D8B3A1C705916002964D8 /* Frameworks */ = {
			isa = PBXFrameworksBuildPhase;
			buildActionMask = 2147483647;
			files = (
			);
			runOnlyForDeploymentPostprocessing = 0;
		};
/* End PBXFrameworksBuildPhase section */

/* Begin PBXGroup section */
		A8770860394E89ED0565DC4A /* Pods */ = {
			isa = PBXGroup;
			children = (
				37513FA2EAA0D2E1F66CA656 /* Pods.debug.xcconfig */,
				DBD5A369E29F0C790C5487E6 /* Pods.release.xcconfig */,
			);
			name = Pods;
			sourceTree = "<group>";
		};
		BA8637AC2504A18834A906A8 /* Frameworks */ = {
			isa = PBXGroup;
			children = (
				BFE890541C782BAC00429E9E /* libstdc++.6.0.9.tbd */,
				BFE890521C782BA000429E9E /* libz.1.2.5.tbd */,
				BFE890501C782B9000429E9E /* libxml2.2.tbd */,
				BFE8904E1C782B7D00429E9E /* MobileCoreServices.framework */,
				BFE8904C1C782B7300429E9E /* CoreTelephony.framework */,
				BFE8904A1C782B6B00429E9E /* SystemConfiguration.framework */,
				F2F433E2F3517659A39AEF6A /* Pods.framework */,
			);
			name = Frameworks;
			sourceTree = "<group>";
		};
		BF01B8681C7B55F40049627E /* net */ = {
			isa = PBXGroup;
			children = (
				BF9F9ACF1CC47D9300795464 /* NetApiAlamofire.swift */,
			);
			name = net;
			sourceTree = "<group>";
		};
		BF01B8691C7B56130049627E /* extension */ = {
			isa = PBXGroup;
			children = (
				BF9F9AB61CC47D7B00795464 /* Bool.swift */,
				BF9F9AB71CC47D7B00795464 /* Character.swift */,
				BF9F9AB81CC47D7B00795464 /* Dictionary.swift */,
				BF9F9AB91CC47D7B00795464 /* Double.swift */,
				BF9F9ABA1CC47D7B00795464 /* ExSwift.h */,
				BF9F9ABB1CC47D7B00795464 /* ExSwift.swift */,
				BF9F9ABC1CC47D7B00795464 /* Float.swift */,
				BF9F9ABD1CC47D7B00795464 /* Int.swift */,
				BF9F9ABF1CC47D7B00795464 /* NSArray.swift */,
				BF9F9AC01CC47D7B00795464 /* Range.swift */,
				BF9F9AC11CC47D7B00795464 /* Sequence.swift */,
				BF9F9AC21CC47D7B00795464 /* String.swift */,
			);
			name = extension;
			sourceTree = "<group>";
		};
		BF01B86A1C7B56240049627E /* utils */ = {
			isa = PBXGroup;
			children = (
				BF50C43A1CF18F3F00B70E09 /* AudioPlayer.swift */,
				BF50C43B1CF18F3F00B70E09 /* AudioRecorderBean.swift */,
				BF50C43C1CF18F3F00B70E09 /* ExString.swift */,
				BF50C43D1CF18F3F00B70E09 /* RecordIndicatorView.swift */,
				BF9F9ADB1CC47E2500795464 /* PhotoUpLoader.swift */,
				BF9F9AD11CC47DDA00795464 /* BindingExtensions.swift */,
				BF9F9AD21CC47DDA00795464 /* CollectionViewCell.swift */,
				BF9F9AD31CC47DDA00795464 /* ImageUtils.swift */,
				BF9F9AD41CC47DDA00795464 /* JWTTools.swift */,
				BF9F9AD51CC47DDA00795464 /* MapHelper.swift */,
				BF8B5F251CDEC1B200A76470 /* CustomNotificationHandler.swift */,
			);
			name = utils;
			sourceTree = "<group>";
		};
		BF17103F1C6F664900003D6B /* VM */ = {
			isa = PBXGroup;
			children = (
				BF9F9AFB1CC47F5400795464 /* CenterMessageModel.swift */,
				BF9F9AFC1CC47F5400795464 /* FriendViewModel.swift */,
				BF9F9AFD1CC47F5400795464 /* LoginUserInfoViewModel.swift */,
				BF9F9AFE1CC47F5400795464 /* MessageViewModel.swift */,
				BF9F9AFF1CC47F5400795464 /* OpenMessageModel.swift */,
				BF9F9B001CC47F5400795464 /* UserInfoViewModel.swift */,
			);
			name = VM;
			sourceTree = "<group>";
		};
		BF2EFBE01CD705590089EFCC /* Cells */ = {
			isa = PBXGroup;
			children = (
				BF9F9B1F1CC4804D00795464 /* FriendTabelViewCell.swift */,
				BF9F9B121CC47FB300795464 /* point.xib */,
				BF2EFBE31CD706180089EFCC /* MessageRecivedViewCell.swift */,
				BF2EFBE11CD705BD0089EFCC /* MessageRecived.xib */,
				BF2EFBE51CD708750089EFCC /* MessageSendViewCell.swift */,
				BF2EFBE61CD708750089EFCC /* MessageSendViewCell.xib */,
			);
			name = Cells;
			sourceTree = "<group>";
		};
		BF45B6641C6C38760027F63D = {
			isa = PBXGroup;
			children = (
				BF45B66F1C6C38760027F63D /* FeelingClient */,
				BF5D8B3E1C705916002964D8 /* FeelingClientTests */,
				BF45B66E1C6C38760027F63D /* Products */,
				A8770860394E89ED0565DC4A /* Pods */,
				BA8637AC2504A18834A906A8 /* Frameworks */,
			);
			sourceTree = "<group>";
		};
		BF45B66E1C6C38760027F63D /* Products */ = {
			isa = PBXGroup;
			children = (
				BF45B66D1C6C38760027F63D /* FeelingClient.app */,
				BF5D8B3D1C705916002964D8 /* FeelingClientTests.xctest */,
			);
			name = Products;
			sourceTree = "<group>";
		};
		BF45B66F1C6C38760027F63D /* FeelingClient */ = {
			isa = PBXGroup;
			children = (
				BF45B6A11C6C4E730027F63D /* Common */,
				BF45B6881C6C4C490027F63D /* resource */,
				BF45B6861C6C4C100027F63D /* MVVM */,
				BF45B6851C6C4B890027F63D /* ThirdParty */,
			);
			path = FeelingClient;
			sourceTree = "<group>";
		};
		BF45B6851C6C4B890027F63D /* ThirdParty */ = {
			isa = PBXGroup;
			children = (
				BFF89E091C78A67D00A38D16 /* QCloudUploadSDK */,
				BFE8903F1C782ABB00429E9E /* updateSelf */,
			);
			name = ThirdParty;
			sourceTree = "<group>";
		};
		BF45B6861C6C4C100027F63D /* MVVM */ = {
			isa = PBXGroup;
			children = (
				BF17103F1C6F664900003D6B /* VM */,
				BF45B68B1C6C4C820027F63D /* C */,
				BF45B68A1C6C4C7D0027F63D /* V */,
				BF2EFBE01CD705590089EFCC /* Cells */,
				BF45B6891C6C4C780027F63D /* M */,
			);
			name = MVVM;
			sourceTree = "<group>";
		};
		BF45B6881C6C4C490027F63D /* resource */ = {
			isa = PBXGroup;
			children = (
				BFFB0A631CCDB0880059E997 /* 0900.mp4 */,
				BF45B67F1C6C38760027F63D /* Info.plist */,
				BF45B6701C6C38760027F63D /* AppDelegate.swift */,
				BF45B6771C6C38760027F63D /* FeelingClient.xcdatamodeld */,
				BFB0C2661C746B0700A7BD67 /* SMSSDK-Bridging-Header.h */,
				BF45B6A81C6C4EE00027F63D /* Supporting Files */,
				BF45B67A1C6C38760027F63D /* Assets.xcassets */,
			);
			name = resource;
			sourceTree = "<group>";
		};
		BF45B6891C6C4C780027F63D /* M */ = {
			isa = PBXGroup;
			children = (
				BF9F9B091CC47F8300795464 /* BaseModel.swift */,
				BF9F9AF91CC47F2900795464 /* CustomAnnotation.swift */,
				BF9F9AF31CC47EF900795464 /* AccountModel.swift */,
				BF9F9AF41CC47EF900795464 /* Friend.swift */,
				BF9F9AF51CC47EF900795464 /* Message.swift */,
			);
			name = M;
			sourceTree = "<group>";
		};
		BF45B68A1C6C4C7D0027F63D /* V */ = {
			isa = PBXGroup;
			children = (
				BF45B67C1C6C38760027F63D /* LaunchScreen.storyboard */,
				BF8116EA1CE7136A00212982 /* center.storyboard */,
				BF9F9B0C1CC47FB300795464 /* chat.storyboard */,
				BF9F9B0E1CC47FB300795464 /* login.storyboard */,
				BF9F9B0D1CC47FB300795464 /* friends.storyboard */,
				BF9F9B0F1CC47FB300795464 /* main.storyboard */,
				BF9F9B101CC47FB300795464 /* register.storyboard */,
				BF9F9B111CC47FB300795464 /* self.storyboard */,
				BF9D93DE1CD4ADF500BDC20D /* messages.storyboard */,
			);
			name = V;
			sourceTree = "<group>";
		};
		BF45B68B1C6C4C820027F63D /* C */ = {
			isa = PBXGroup;
			children = (
				BFA96C5B1CDF1E15005C3BEA /* MainViewController.swift */,
				BF9F9B201CC4804D00795464 /* LoginViewController.swift */,
				BF9F9B1B1CC4804D00795464 /* CenterMain.swift */,
				BF9F9B1C1CC4804D00795464 /* CenterViewController.swift */,
				BF9F9B1D1CC4804D00795464 /* ChatViewController.swift */,
				BF9F9B1E1CC4804D00795464 /* FriendsViewController.swift */,
				BF9F9B211CC4804D00795464 /* OpenMapViewController.swift */,
				BF9F9B221CC4804D00795464 /* PointUIView.swift */,
				BF9F9B231CC4804D00795464 /* RegisterViewController.swift */,
				BF9F9B241CC4804D00795464 /* SelfViewController.swift */,
				BF9F9B251CC4804D00795464 /* UserInfoViewController.swift */,
				BF9F9B261CC4804D00795464 /* ViewImageViewController.swift */,
				BF2EFBD41CD6D89F0089EFCC /* MessagesCenterViewController.swift */,
				BF2EFBD61CD6DDFF0089EFCC /* MessagesSendTableTableViewController.swift */,
				BF2EFBDA1CD6E3A00089EFCC /* MessagesGetTableViewController.swift */,
				BFCCF8E51CF5EC0B004491B9 /* MessageInfoViewController.swift */,
				BF15FB711CFB30F800FD7A15 /* MessageInfoViewGetController.swift */,
			);
			name = C;
			sourceTree = "<group>";
		};
		BF45B6A11C6C4E730027F63D /* Common */ = {
			isa = PBXGroup;
			children = (
				BF01B86A1C7B56240049627E /* utils */,
				BF01B8691C7B56130049627E /* extension */,
				BF01B8681C7B55F40049627E /* net */,
			);
			name = Common;
			sourceTree = "<group>";
		};
		BF45B6A81C6C4EE00027F63D /* Supporting Files */ = {
			isa = PBXGroup;
			children = (
				BF9F9B331CC4808400795464 /* Localizable.stringsdict */,
				BF8116E11CE7122800212982 /* Localizable.strings */,
			);
			name = "Supporting Files";
			sourceTree = "<group>";
		};
		BF5D8B3E1C705916002964D8 /* FeelingClientTests */ = {
			isa = PBXGroup;
			children = (
				BF5D8B3F1C705916002964D8 /* FeelingClientTests.swift */,
				BF5D8B411C705916002964D8 /* Info.plist */,
			);
			path = FeelingClientTests;
			sourceTree = "<group>";
		};
		BFE8903F1C782ABB00429E9E /* updateSelf */ = {
			isa = PBXGroup;
			children = (
				BF2EFBDE1CD6E6C70089EFCC /* CAPSPageMenu.swift */,
				BF9F9ADD1CC47E9B00795464 /* Accelerate-GaussianBlur.swift */,
				BF9F9ADE1CC47E9B00795464 /* ActionButton.swift */,
				BF9F9ADF1CC47E9B00795464 /* ActionButtonItem.swift */,
				BF9F9AE01CC47E9B00795464 /* DatePickerDialog.swift */,
				BF9F9AE11CC47E9B00795464 /* Image-GaussianBlur.swift */,
				BF9F9AE21CC47E9B00795464 /* Toast.swift */,
				BF9F9AF11CC47EB500795464 /* KMPlaceholderTextView.swift */,
				BF9F9AE31CC47E9B00795464 /* Toucan.swift */,
				BF9F9AE41CC47E9B00795464 /* UIButtonType.swift */,
				BF9F9AE51CC47E9B00795464 /* UICircleImageView.swift */,
				BF9F9AE61CC47E9B00795464 /* UIImageColors.swift */,
			);
			name = updateSelf;
			sourceTree = "<group>";
		};
		BFF89E091C78A67D00A38D16 /* QCloudUploadSDK */ = {
			isa = PBXGroup;
			children = (
				BFF89E0A1C78A67D00A38D16 /* libTXYUploader.a */,
				BFF89E0B1C78A67D00A38D16 /* TXYBase.h */,
				BFF89E0C1C78A67D00A38D16 /* TXYUploadManager.h */,
			);
			name = QCloudUploadSDK;
			path = Library/QCloudUploadSDK;
			sourceTree = "<group>";
		};
/* End PBXGroup section */

/* Begin PBXNativeTarget section */
		BF45B66C1C6C38760027F63D /* FeelingClient */ = {
			isa = PBXNativeTarget;
			buildConfigurationList = BF45B6821C6C38760027F63D /* Build configuration list for PBXNativeTarget "FeelingClient" */;
			buildPhases = (
				DA709681985C2803A62B07BA /* Check Pods Manifest.lock */,
				BF45B6691C6C38760027F63D /* Sources */,
				BF45B66A1C6C38760027F63D /* Frameworks */,
				BF45B66B1C6C38760027F63D /* Resources */,
				9534F83D56BB440A37B8B648 /* Embed Pods Frameworks */,
				503F1640759E89D5067E0EA6 /* Copy Pods Resources */,
			);
			buildRules = (
			);
			dependencies = (
			);
			name = FeelingClient;
			productName = FeelingClient;
			productReference = BF45B66D1C6C38760027F63D /* FeelingClient.app */;
			productType = "com.apple.product-type.application";
		};
		BF5D8B3C1C705916002964D8 /* FeelingClientTests */ = {
			isa = PBXNativeTarget;
			buildConfigurationList = BF5D8B441C705917002964D8 /* Build configuration list for PBXNativeTarget "FeelingClientTests" */;
			buildPhases = (
				BF5D8B391C705916002964D8 /* Sources */,
				BF5D8B3A1C705916002964D8 /* Frameworks */,
				BF5D8B3B1C705916002964D8 /* Resources */,
			);
			buildRules = (
			);
			dependencies = (
				BF5D8B431C705916002964D8 /* PBXTargetDependency */,
			);
			name = FeelingClientTests;
			productName = FeelingClientTests;
			productReference = BF5D8B3D1C705916002964D8 /* FeelingClientTests.xctest */;
			productType = "com.apple.product-type.bundle.unit-test";
		};
/* End PBXNativeTarget section */

/* Begin PBXProject section */
		BF45B6651C6C38760027F63D /* Project object */ = {
			isa = PBXProject;
			attributes = {
				KnownAssetTags = (
					jj,
				);
				LastSwiftUpdateCheck = 0720;
				LastUpgradeCheck = 0720;
				ORGANIZATIONNAME = xecoder;
				TargetAttributes = {
					BF45B66C1C6C38760027F63D = {
						CreatedOnToolsVersion = 7.2;
						DevelopmentTeam = AHNQ4GYSUZ;
						SystemCapabilities = {
							com.apple.BackgroundModes = {
								enabled = 1;
							};
							com.apple.Push = {
								enabled = 1;
							};
							com.apple.SafariKeychain = {
								enabled = 0;
							};
						};
					};
					BF5D8B3C1C705916002964D8 = {
						CreatedOnToolsVersion = 7.2;
						TestTargetID = BF45B66C1C6C38760027F63D;
					};
				};
			};
			buildConfigurationList = BF45B6681C6C38760027F63D /* Build configuration list for PBXProject "FeelingClient" */;
			compatibilityVersion = "Xcode 6.3";
			developmentRegion = English;
			hasScannedForEncodings = 0;
			knownRegions = (
				Base,
			);
			mainGroup = BF45B6641C6C38760027F63D;
			productRefGroup = BF45B66E1C6C38760027F63D /* Products */;
			projectDirPath = "";
			projectRoot = "";
			targets = (
				BF45B66C1C6C38760027F63D /* FeelingClient */,
				BF5D8B3C1C705916002964D8 /* FeelingClientTests */,
			);
		};
/* End PBXProject section */

/* Begin PBXResourcesBuildPhase section */
		BF45B66B1C6C38760027F63D /* Resources */ = {
			isa = PBXResourcesBuildPhase;
			buildActionMask = 2147483647;
			files = (
				BFFB0A641CCDB0880059E997 /* 0900.mp4 in Resources */,
				BF9F9B161CC47FB300795464 /* login.storyboard in Resources */,
				BF2EFBE81CD708750089EFCC /* MessageSendViewCell.xib in Resources */,
				BF9D93DF1CD4ADF500BDC20D /* messages.storyboard in Resources */,
				BF8116DF1CE7122800212982 /* Localizable.strings in Resources */,
				BF45B67E1C6C38760027F63D /* LaunchScreen.storyboard in Resources */,
				BF8116E81CE7136A00212982 /* center.storyboard in Resources */,
				BF9F9B351CC4808400795464 /* Localizable.stringsdict in Resources */,
				BF9F9B191CC47FB300795464 /* self.storyboard in Resources */,
				BF9F9B151CC47FB300795464 /* friends.storyboard in Resources */,
				BF45B67B1C6C38760027F63D /* Assets.xcassets in Resources */,
				BF2EFBE21CD705BD0089EFCC /* MessageRecived.xib in Resources */,
				BF9F9B141CC47FB300795464 /* chat.storyboard in Resources */,
				BF9F9B1A1CC47FB300795464 /* point.xib in Resources */,
				BF9F9B171CC47FB300795464 /* main.storyboard in Resources */,
				BF9F9B181CC47FB300795464 /* register.storyboard in Resources */,
			);
			runOnlyForDeploymentPostprocessing = 0;
		};
		BF5D8B3B1C705916002964D8 /* Resources */ = {
			isa = PBXResourcesBuildPhase;
			buildActionMask = 2147483647;
			files = (
			);
			runOnlyForDeploymentPostprocessing = 0;
		};
/* End PBXResourcesBuildPhase section */

/* Begin PBXShellScriptBuildPhase section */
		503F1640759E89D5067E0EA6 /* Copy Pods Resources */ = {
			isa = PBXShellScriptBuildPhase;
			buildActionMask = 2147483647;
			files = (
			);
			inputPaths = (
			);
			name = "Copy Pods Resources";
			outputPaths = (
			);
			runOnlyForDeploymentPostprocessing = 0;
			shellPath = /bin/sh;
			shellScript = "\"${SRCROOT}/Pods/Target Support Files/Pods/Pods-resources.sh\"\n";
			showEnvVarsInLog = 0;
		};
		9534F83D56BB440A37B8B648 /* Embed Pods Frameworks */ = {
			isa = PBXShellScriptBuildPhase;
			buildActionMask = 2147483647;
			files = (
			);
			inputPaths = (
			);
			name = "Embed Pods Frameworks";
			outputPaths = (
			);
			runOnlyForDeploymentPostprocessing = 0;
			shellPath = /bin/sh;
			shellScript = "\"${SRCROOT}/Pods/Target Support Files/Pods/Pods-frameworks.sh\"\n";
			showEnvVarsInLog = 0;
		};
		DA709681985C2803A62B07BA /* Check Pods Manifest.lock */ = {
			isa = PBXShellScriptBuildPhase;
			buildActionMask = 2147483647;
			files = (
			);
			inputPaths = (
			);
			name = "Check Pods Manifest.lock";
			outputPaths = (
			);
			runOnlyForDeploymentPostprocessing = 0;
			shellPath = /bin/sh;
			shellScript = "diff \"${PODS_ROOT}/../Podfile.lock\" \"${PODS_ROOT}/Manifest.lock\" > /dev/null\nif [[ $? != 0 ]] ; then\n    cat << EOM\nerror: The sandbox is not in sync with the Podfile.lock. Run 'pod install' or update your CocoaPods installation.\nEOM\n    exit 1\nfi\n";
			showEnvVarsInLog = 0;
		};
/* End PBXShellScriptBuildPhase section */

/* Begin PBXSourcesBuildPhase section */
		BF45B6691C6C38760027F63D /* Sources */ = {
			isa = PBXSourcesBuildPhase;
			buildActionMask = 2147483647;
			files = (
				BF2EFBDF1CD6E6C70089EFCC /* CAPSPageMenu.swift in Sources */,
				BF9F9AC71CC47D7B00795464 /* ExSwift.swift in Sources */,
				BF9F9AF21CC47EB500795464 /* KMPlaceholderTextView.swift in Sources */,
				BF9F9AEB1CC47E9B00795464 /* Image-GaussianBlur.swift in Sources */,
				BF9F9B321CC4804D00795464 /* ViewImageViewController.swift in Sources */,
				BF9F9AEF1CC47E9B00795464 /* UICircleImageView.swift in Sources */,
				BF9F9AD81CC47DDA00795464 /* ImageUtils.swift in Sources */,
				BF9F9AED1CC47E9B00795464 /* Toucan.swift in Sources */,
				BF9F9AEA1CC47E9B00795464 /* DatePickerDialog.swift in Sources */,
				BF9F9B021CC47F5400795464 /* FriendViewModel.swift in Sources */,
				BF45B6791C6C38760027F63D /* FeelingClient.xcdatamodeld in Sources */,
				BF9F9AD01CC47D9300795464 /* NetApiAlamofire.swift in Sources */,
				BF9F9B311CC4804D00795464 /* UserInfoViewController.swift in Sources */,
				BF9F9AE71CC47E9B00795464 /* Accelerate-GaussianBlur.swift in Sources */,
				BF9F9B051CC47F5400795464 /* OpenMessageModel.swift in Sources */,
				BF9F9B2C1CC4804D00795464 /* LoginViewController.swift in Sources */,
				BF50C43F1CF18F3F00B70E09 /* AudioRecorderBean.swift in Sources */,
				BF9F9AF71CC47EF900795464 /* Friend.swift in Sources */,
				BFA96C5C1CDF1E15005C3BEA /* MainViewController.swift in Sources */,
				BF50C4401CF18F3F00B70E09 /* ExString.swift in Sources */,
				BF9F9AFA1CC47F2900795464 /* CustomAnnotation.swift in Sources */,
				BF9F9AF81CC47EF900795464 /* Message.swift in Sources */,
				BF50C43E1CF18F3F00B70E09 /* AudioPlayer.swift in Sources */,
				BF9F9ACE1CC47D7B00795464 /* String.swift in Sources */,
				BF9F9ADA1CC47DDA00795464 /* MapHelper.swift in Sources */,
				BF50C4411CF18F3F00B70E09 /* RecordIndicatorView.swift in Sources */,
				BF2EFBDC1CD6E3A00089EFCC /* MessagesGetTableViewController.swift in Sources */,
				BF2EFBE71CD708750089EFCC /* MessageSendViewCell.swift in Sources */,
				BF9F9B011CC47F5400795464 /* CenterMessageModel.swift in Sources */,
				BF9F9AD61CC47DDA00795464 /* BindingExtensions.swift in Sources */,
				BF9F9AEE1CC47E9B00795464 /* UIButtonType.swift in Sources */,
				BF9F9B0A1CC47F8300795464 /* BaseModel.swift in Sources */,
				BF9F9AEC1CC47E9B00795464 /* Toast.swift in Sources */,
				BF45B6711C6C38760027F63D /* AppDelegate.swift in Sources */,
				BF9F9B061CC47F5400795464 /* UserInfoViewModel.swift in Sources */,
				BF9F9ADC1CC47E2500795464 /* PhotoUpLoader.swift in Sources */,
				BF9F9AE81CC47E9B00795464 /* ActionButton.swift in Sources */,
				BF9F9ACB1CC47D7B00795464 /* NSArray.swift in Sources */,
				BF8B5F261CDEC1B200A76470 /* CustomNotificationHandler.swift in Sources */,
				BF9F9B271CC4804D00795464 /* CenterMain.swift in Sources */,
				BF9F9AC41CC47D7B00795464 /* Character.swift in Sources */,
				BF2EFBE41CD706180089EFCC /* MessageRecivedViewCell.swift in Sources */,
				BF2EFBD51CD6D89F0089EFCC /* MessagesCenterViewController.swift in Sources */,
				BF9F9B2F1CC4804D00795464 /* RegisterViewController.swift in Sources */,
				BF9F9AF01CC47E9B00795464 /* UIImageColors.swift in Sources */,
				BF9F9AD91CC47DDA00795464 /* JWTTools.swift in Sources */,
				BF9F9B2B1CC4804D00795464 /* FriendTabelViewCell.swift in Sources */,
				BF9F9B041CC47F5400795464 /* MessageViewModel.swift in Sources */,
				BF9F9B031CC47F5400795464 /* LoginUserInfoViewModel.swift in Sources */,
				BF15FB721CFB30F800FD7A15 /* MessageInfoViewGetController.swift in Sources */,
				BF9F9AD71CC47DDA00795464 /* CollectionViewCell.swift in Sources */,
				BF9F9ACD1CC47D7B00795464 /* Sequence.swift in Sources */,
				BF9F9AC61CC47D7B00795464 /* Double.swift in Sources */,
				BF9F9AC51CC47D7B00795464 /* Dictionary.swift in Sources */,
				BF9F9B2E1CC4804D00795464 /* PointUIView.swift in Sources */,
				BFCCF8E61CF5EC0B004491B9 /* MessageInfoViewController.swift in Sources */,
				BF9F9AC31CC47D7B00795464 /* Bool.swift in Sources */,
				BF9F9B2A1CC4804D00795464 /* FriendsViewController.swift in Sources */,
				BF2EFBD81CD6DDFF0089EFCC /* MessagesSendTableTableViewController.swift in Sources */,
				BF9F9AE91CC47E9B00795464 /* ActionButtonItem.swift in Sources */,
				BF9F9B301CC4804D00795464 /* SelfViewController.swift in Sources */,
				BF9F9AC81CC47D7B00795464 /* Float.swift in Sources */,
				BF9F9AC91CC47D7B00795464 /* Int.swift in Sources */,
				BF9F9B281CC4804D00795464 /* CenterViewController.swift in Sources */,
				BF9F9AF61CC47EF900795464 /* AccountModel.swift in Sources */,
				BF9F9B291CC4804D00795464 /* ChatViewController.swift in Sources */,
				BF9F9ACC1CC47D7B00795464 /* Range.swift in Sources */,
				BF9F9B2D1CC4804D00795464 /* OpenMapViewController.swift in Sources */,
			);
			runOnlyForDeploymentPostprocessing = 0;
		};
		BF5D8B391C705916002964D8 /* Sources */ = {
			isa = PBXSourcesBuildPhase;
			buildActionMask = 2147483647;
			files = (
				BF5D8B401C705916002964D8 /* FeelingClientTests.swift in Sources */,
			);
			runOnlyForDeploymentPostprocessing = 0;
		};
/* End PBXSourcesBuildPhase section */

/* Begin PBXTargetDependency section */
		BF5D8B431C705916002964D8 /* PBXTargetDependency */ = {
			isa = PBXTargetDependency;
			target = BF45B66C1C6C38760027F63D /* FeelingClient */;
			targetProxy = BF5D8B421C705916002964D8 /* PBXContainerItemProxy */;
		};
/* End PBXTargetDependency section */

/* Begin PBXVariantGroup section */
		BF45B67C1C6C38760027F63D /* LaunchScreen.storyboard */ = {
			isa = PBXVariantGroup;
			children = (
				BF45B67D1C6C38760027F63D /* Base */,
			);
			name = LaunchScreen.storyboard;
			sourceTree = "<group>";
		};
		BF8116E11CE7122800212982 /* Localizable.strings */ = {
			isa = PBXVariantGroup;
			children = (
				BF8116E01CE7122800212982 /* Base */,
			);
			name = Localizable.strings;
			path = recource;
			sourceTree = "<group>";
		};
		BF8116EA1CE7136A00212982 /* center.storyboard */ = {
			isa = PBXVariantGroup;
			children = (
				BF8116E91CE7136A00212982 /* Base */,
			);
			name = center.storyboard;
			path = MVC/V;
			sourceTree = "<group>";
		};
/* End PBXVariantGroup section */

/* Begin XCBuildConfiguration section */
		BF45B6801C6C38760027F63D /* Debug */ = {
			isa = XCBuildConfiguration;
			buildSettings = {
				ALWAYS_SEARCH_USER_PATHS = NO;
				CLANG_CXX_LANGUAGE_STANDARD = "gnu++0x";
				CLANG_CXX_LIBRARY = "libc++";
				CLANG_ENABLE_MODULES = YES;
				CLANG_ENABLE_OBJC_ARC = YES;
				CLANG_WARN_BOOL_CONVERSION = YES;
				CLANG_WARN_CONSTANT_CONVERSION = YES;
				CLANG_WARN_DIRECT_OBJC_ISA_USAGE = YES_ERROR;
				CLANG_WARN_EMPTY_BODY = YES;
				CLANG_WARN_ENUM_CONVERSION = YES;
				CLANG_WARN_INT_CONVERSION = YES;
				CLANG_WARN_OBJC_ROOT_CLASS = YES_ERROR;
				CLANG_WARN_UNREACHABLE_CODE = YES;
				CLANG_WARN__DUPLICATE_METHOD_MATCH = YES;
				CODE_SIGN_IDENTITY = "iPhone Developer: Xiaozheng Mo (5FHUZR252W)";
				"CODE_SIGN_IDENTITY[sdk=iphoneos*]" = "iPhone Developer: Xiaozheng Mo (5FHUZR252W)";
				COPY_PHASE_STRIP = NO;
				DEBUG_INFORMATION_FORMAT = dwarf;
				ENABLE_STRICT_OBJC_MSGSEND = YES;
				ENABLE_TESTABILITY = YES;
				GCC_C_LANGUAGE_STANDARD = gnu99;
				GCC_DYNAMIC_NO_PIC = NO;
				GCC_NO_COMMON_BLOCKS = YES;
				GCC_OPTIMIZATION_LEVEL = 0;
				GCC_PREPROCESSOR_DEFINITIONS = (
					"DEBUG=1",
					"$(inherited)",
				);
				GCC_WARN_64_TO_32_BIT_CONVERSION = YES;
				GCC_WARN_ABOUT_RETURN_TYPE = YES_ERROR;
				GCC_WARN_UNDECLARED_SELECTOR = YES;
				GCC_WARN_UNINITIALIZED_AUTOS = YES_AGGRESSIVE;
				GCC_WARN_UNUSED_FUNCTION = YES;
				GCC_WARN_UNUSED_VARIABLE = YES;
				IPHONEOS_DEPLOYMENT_TARGET = 9.0;
				MTL_ENABLE_DEBUG_INFO = YES;
				ONLY_ACTIVE_ARCH = YES;
				PROVISIONING_PROFILE = "41955e34-4662-4b3f-9d33-d5d0158f551f";
				SDKROOT = iphoneos;
				SWIFT_OPTIMIZATION_LEVEL = "-Onone";
			};
			name = Debug;
		};
		BF45B6811C6C38760027F63D /* Release */ = {
			isa = XCBuildConfiguration;
			buildSettings = {
				ALWAYS_SEARCH_USER_PATHS = NO;
				CLANG_CXX_LANGUAGE_STANDARD = "gnu++0x";
				CLANG_CXX_LIBRARY = "libc++";
				CLANG_ENABLE_MODULES = YES;
				CLANG_ENABLE_OBJC_ARC = YES;
				CLANG_WARN_BOOL_CONVERSION = YES;
				CLANG_WARN_CONSTANT_CONVERSION = YES;
				CLANG_WARN_DIRECT_OBJC_ISA_USAGE = YES_ERROR;
				CLANG_WARN_EMPTY_BODY = YES;
				CLANG_WARN_ENUM_CONVERSION = YES;
				CLANG_WARN_INT_CONVERSION = YES;
				CLANG_WARN_OBJC_ROOT_CLASS = YES_ERROR;
				CLANG_WARN_UNREACHABLE_CODE = YES;
				CLANG_WARN__DUPLICATE_METHOD_MATCH = YES;
				CODE_SIGN_IDENTITY = "iPhone Developer";
				"CODE_SIGN_IDENTITY[sdk=iphoneos*]" = "iPhone Developer";
				COPY_PHASE_STRIP = NO;
				DEBUG_INFORMATION_FORMAT = "dwarf-with-dsym";
				ENABLE_NS_ASSERTIONS = NO;
				ENABLE_STRICT_OBJC_MSGSEND = YES;
				GCC_C_LANGUAGE_STANDARD = gnu99;
				GCC_NO_COMMON_BLOCKS = YES;
				GCC_WARN_64_TO_32_BIT_CONVERSION = YES;
				GCC_WARN_ABOUT_RETURN_TYPE = YES_ERROR;
				GCC_WARN_UNDECLARED_SELECTOR = YES;
				GCC_WARN_UNINITIALIZED_AUTOS = YES_AGGRESSIVE;
				GCC_WARN_UNUSED_FUNCTION = YES;
				GCC_WARN_UNUSED_VARIABLE = YES;
				IPHONEOS_DEPLOYMENT_TARGET = 9.0;
				MTL_ENABLE_DEBUG_INFO = NO;
				SDKROOT = iphoneos;
				VALIDATE_PRODUCT = YES;
			};
			name = Release;
		};
		BF45B6831C6C38760027F63D /* Debug */ = {
			isa = XCBuildConfiguration;
			baseConfigurationReference = 37513FA2EAA0D2E1F66CA656 /* Pods.debug.xcconfig */;
			buildSettings = {
				ASSETCATALOG_COMPILER_APPICON_NAME = AppIcon;
				CODE_SIGN_IDENTITY = "iPhone Developer";
				"CODE_SIGN_IDENTITY[sdk=iphoneos*]" = "iPhone Developer";
				ENABLE_BITCODE = YES;
				INFOPLIST_FILE = FeelingClient/Info.plist;
				IPHONEOS_DEPLOYMENT_TARGET = 9.0;
				LD_RUNPATH_SEARCH_PATHS = "$(inherited) @executable_path/Frameworks";
				LIBRARY_SEARCH_PATHS = (
					"$(inherited)",
					"$(PROJECT_DIR)/FeelingClient/Library/QCloudUploadSDK",
				);
				PRODUCT_BUNDLE_IDENTIFIER = com.xecoder.Feeling;
				PRODUCT_NAME = "$(TARGET_NAME)";
				PROVISIONING_PROFILE = "";
				SWIFT_OBJC_BRIDGING_HEADER = "FeelingClient/SMSSDK-Bridging-Header.h";
				TARGETED_DEVICE_FAMILY = "1,2";
			};
			name = Debug;
		};
		BF45B6841C6C38760027F63D /* Release */ = {
			isa = XCBuildConfiguration;
			baseConfigurationReference = DBD5A369E29F0C790C5487E6 /* Pods.release.xcconfig */;
			buildSettings = {
				ASSETCATALOG_COMPILER_APPICON_NAME = AppIcon;
				CODE_SIGN_IDENTITY = "iPhone Developer";
				"CODE_SIGN_IDENTITY[sdk=iphoneos*]" = "iPhone Developer";
				ENABLE_BITCODE = YES;
				INFOPLIST_FILE = FeelingClient/Info.plist;
				IPHONEOS_DEPLOYMENT_TARGET = 9.0;
				LD_RUNPATH_SEARCH_PATHS = "$(inherited) @executable_path/Frameworks";
				LIBRARY_SEARCH_PATHS = (
					"$(inherited)",
					"$(PROJECT_DIR)/FeelingClient/Library/QCloudUploadSDK",
				);
				PRODUCT_BUNDLE_IDENTIFIER = com.xecoder.Feeling;
				PRODUCT_NAME = "$(TARGET_NAME)";
				PROVISIONING_PROFILE = "";
				SWIFT_OBJC_BRIDGING_HEADER = "FeelingClient/SMSSDK-Bridging-Header.h";
				TARGETED_DEVICE_FAMILY = "1,2";
			};
			name = Release;
		};
		BF5D8B451C705917002964D8 /* Debug */ = {
			isa = XCBuildConfiguration;
			buildSettings = {
				BUNDLE_LOADER = "$(TEST_HOST)";
				ENABLE_BITCODE = YES;
				INFOPLIST_FILE = FeelingClientTests/Info.plist;
				LD_RUNPATH_SEARCH_PATHS = "$(inherited) @executable_path/Frameworks @loader_path/Frameworks";
				PRODUCT_BUNDLE_IDENTIFIER = com.xecoder.FeelingClientTests;
				PRODUCT_NAME = "$(TARGET_NAME)";
				TEST_HOST = "$(BUILT_PRODUCTS_DIR)/FeelingClient.app/FeelingClient";
			};
			name = Debug;
		};
		BF5D8B461C705917002964D8 /* Release */ = {
			isa = XCBuildConfiguration;
			buildSettings = {
				BUNDLE_LOADER = "$(TEST_HOST)";
				ENABLE_BITCODE = YES;
				INFOPLIST_FILE = FeelingClientTests/Info.plist;
				LD_RUNPATH_SEARCH_PATHS = "$(inherited) @executable_path/Frameworks @loader_path/Frameworks";
				PRODUCT_BUNDLE_IDENTIFIER = com.xecoder.FeelingClientTests;
				PRODUCT_NAME = "$(TARGET_NAME)";
				TEST_HOST = "$(BUILT_PRODUCTS_DIR)/FeelingClient.app/FeelingClient";
			};
			name = Release;
		};
/* End XCBuildConfiguration section */

/* Begin XCConfigurationList section */
		BF45B6681C6C38760027F63D /* Build configuration list for PBXProject "FeelingClient" */ = {
			isa = XCConfigurationList;
			buildConfigurations = (
				BF45B6801C6C38760027F63D /* Debug */,
				BF45B6811C6C38760027F63D /* Release */,
			);
			defaultConfigurationIsVisible = 0;
			defaultConfigurationName = Release;
		};
		BF45B6821C6C38760027F63D /* Build configuration list for PBXNativeTarget "FeelingClient" */ = {
			isa = XCConfigurationList;
			buildConfigurations = (
				BF45B6831C6C38760027F63D /* Debug */,
				BF45B6841C6C38760027F63D /* Release */,
			);
			defaultConfigurationIsVisible = 0;
			defaultConfigurationName = Release;
		};
		BF5D8B441C705917002964D8 /* Build configuration list for PBXNativeTarget "FeelingClientTests" */ = {
			isa = XCConfigurationList;
			buildConfigurations = (
				BF5D8B451C705917002964D8 /* Debug */,
				BF5D8B461C705917002964D8 /* Release */,
			);
			defaultConfigurationIsVisible = 0;
			defaultConfigurationName = Release;
		};
/* End XCConfigurationList section */

/* Begin XCVersionGroup section */
		BF45B6771C6C38760027F63D /* FeelingClient.xcdatamodeld */ = {
			isa = XCVersionGroup;
			children = (
				BF45B6781C6C38760027F63D /* FeelingClient.xcdatamodel */,
			);
			currentVersion = BF45B6781C6C38760027F63D /* FeelingClient.xcdatamodel */;
			path = FeelingClient.xcdatamodeld;
			sourceTree = "<group>";
			versionGroupType = wrapper.xcdatamodel;
		};
/* End XCVersionGroup section */
	};
	rootObject = BF45B6651C6C38760027F63D /* Project object */;
}
